<?xml version="1.0" encoding="utf-8"?>
<Project ToolsVersion="4.0" xmlns="http://schemas.microsoft.com/developer/msbuild/2003">
  <ItemGroup>
    <Filter Include="Source Files">
      <UniqueIdentifier>{4FC737F1-C7A5-4376-A066-2A32D752A2FF}</UniqueIdentifier>
      <Extensions>cpp;c;cc;cxx;c++;cppm;ixx;def;odl;idl;hpj;bat;asm;asmx</Extensions>
    </Filter>
    <Filter Include="Header Files">
      <UniqueIdentifier>{93995380-89BD-4b04-88EB-625FBE52EBFB}</UniqueIdentifier>
      <Extensions>h;hh;hpp;hxx;h++;hm;inl;inc;ipp;xsd</Extensions>
    </Filter>
    <Filter Include="Resource Files">
      <UniqueIdentifier>{67DA6AB6-F800-4c08-8B7A-83BB121AAD01}</UniqueIdentifier>
      <Extensions>rc;ico;cur;bmp;dlg;rc2;rct;bin;rgs;gif;jpg;jpeg;jpe;resx;tiff;tif;png;wav;mfcribbon-ms</Extensions>
    </Filter>
    <Filter Include="Source Files\Calculator">
      <UniqueIdentifier>{8a4f5b69-48b7-4e7c-9cc1-f80ed14627fe}</UniqueIdentifier>
    </Filter>
    <Filter Include="Header Files\Calculator">
      <UniqueIdentifier>{64e49712-0ae8-4c5b-91d5-887bd457bd51}</UniqueIdentifier>
    </Filter>
    <Filter Include="Source Files\GenericProgrammingChallenge">
      <UniqueIdentifier>{5c1e3f5f-db58-454c-b7c4-37519bd0de33}</UniqueIdentifier>
    </Filter>
    <Filter Include="Header Files\GenericProgrammingChallenge">
      <UniqueIdentifier>{ba3e180d-2981-46de-95fe-8b8a2121e0eb}</UniqueIdentifier>
    </Filter>
  </ItemGroup>
  <ItemGroup>
    <ClCompile Include="Main.cpp">
      <Filter>Source Files</Filter>
    </ClCompile>
    <ClCompile Include="CCalculator.cpp">
      <Filter>Source Files\Calculator</Filter>
    </ClCompile>
    <ClCompile Include="CFibonacciOption.cpp">
      <Filter>Source Files\GenericProgrammingChallenge</Filter>
    </ClCompile>
    <ClCompile Include="CMenu.cpp">
      <Filter>Source Files\GenericProgrammingChallenge</Filter>
    </ClCompile>
    <ClCompile Include="CMenuImplementation.cpp">
      <Filter>Source Files\GenericProgrammingChallenge</Filter>
    </ClCompile>
    <ClCompile Include="CMenuOption.cpp">
      <Filter>Source Files\GenericProgrammingChallenge</Filter>
    </ClCompile>
  </ItemGroup>
  <ItemGroup>
    <ClInclude Include="Main.h">
      <Filter>Header Files</Filter>
    </ClInclude>
    <ClInclude Include="CCalculator.h">
      <Filter>Header Files\Calculator</Filter>
    </ClInclude>
    <ClInclude Include="CFibonacciOption.h">
      <Filter>Header Files\GenericProgrammingChallenge</Filter>
    </ClInclude>
    <ClInclude Include="CMenu.h">
      <Filter>Header Files\GenericProgrammingChallenge</Filter>
    </ClInclude>
    <ClInclude Include="CMenuImplementation.h">
      <Filter>Header Files\GenericProgrammingChallenge</Filter>
    </ClInclude>
    <ClInclude Include="CMenuOption.h">
      <Filter>Header Files\GenericProgrammingChallenge</Filter>
    </ClInclude>
  </ItemGroup>
</Project>